
Microsoft Visual Studio Solution File, Format Version 12.00
# Visual Studio Version 17
VisualStudioVersion = 17.7.34221.43
MinimumVisualStudioVersion = 10.0.40219.1
Project("{FAE04EC0-301F-11D3-BF4B-00C04F79EFBC}") = "Web Api Core Course", "Web Api Core Course.csproj", "{E6407297-7B0B-4B0C-B4B9-F5E34ACA91C0}"
EndProject
Global
	GlobalSection(SolutionConfigurationPlatforms) = preSolution
		Debug|Any CPU = Debug|Any CPU
		Release|Any CPU = Release|Any CPU
	EndGlobalSection
	GlobalSection(ProjectConfigurationPlatforms) = postSolution
		{E6407297-7B0B-4B0C-B4B9-F5E34ACA91C0}.Debug|Any CPU.ActiveCfg = Debug|Any CPU
		{E6407297-7B0B-4B0C-B4B9-F5E34ACA91C0}.Debug|Any CPU.Build.0 = Debug|Any CPU
		{E6407297-7B0B-4B0C-B4B9-F5E34ACA91C0}.Release|Any CPU.ActiveCfg = Release|Any CPU
		{E6407297-7B0B-4B0C-B4B9-F5E34ACA91C0}.Release|Any CPU.Build.0 = Release|Any CPU
	EndGlobalSection
	GlobalSection(SolutionProperties) = preSolution
		HideSolutionNode = FALSE
	EndGlobalSection
	GlobalSection(ExtensibilityGlobals) = postSolution
		SolutionGuid = {86890032-69C3-46E6-BD3F-D956628D00CD}
	EndGlobalSection
EndGlobal
